
Microsoft Visual Studio Solution File, Format Version 12.00
# Visual Studio 15
VisualStudioVersion = 15.0.26430.16
MinimumVisualStudioVersion = 10.0.40219.1
Project("{FAE04EC0-301F-11D3-BF4B-00C04F79EFBC}") = "Stateless", "Stateless\Stateless.csproj", "{267C7013-1D66-4919-A384-BF7A6F3E6959}"
EndProject
Project("{FAE04EC0-301F-11D3-BF4B-00C04F79EFBC}") = "Stateful", "Stateful\Stateful.csproj", "{EE3E7A7A-BD3A-443F-9D5C-FE28F3C0D75C}"
EndProject
Project("{FAE04EC0-301F-11D3-BF4B-00C04F79EFBC}") = "Actor", "Actor\Actor.csproj", "{D7FD010F-D007-4744-94B0-DA309EE40F75}"
EndProject
Project("{FAE04EC0-301F-11D3-BF4B-00C04F79EFBC}") = "Actor.Interfaces", "Actor.Interfaces\Actor.Interfaces.csproj", "{13A889D9-5CC1-4DD5-97BC-CAD261DA8900}"
EndProject
Project("{9A19103F-16F7-4668-BE54-9A1E7A4F7556}") = "StatelessWebCore", "StatelessWebCore\StatelessWebCore.csproj", "{EF6AF2FD-5EC5-4D6B-B27F-C6CD93CB21A3}"
EndProject
Project("{9A19103F-16F7-4668-BE54-9A1E7A4F7556}") = "StatefulWebCore", "StatefulWebCore\StatefulWebCore.csproj", "{4335CAA1-494D-4CF9-8F52-FC06E312E0E6}"
EndProject
Project("{9A19103F-16F7-4668-BE54-9A1E7A4F7556}") = "StatelessCore", "StatelessCore\StatelessCore.csproj", "{75E2AD53-62C1-446B-AFF2-76066E29EA76}"
EndProject
Project("{9A19103F-16F7-4668-BE54-9A1E7A4F7556}") = "StatefulCore", "StatefulCore\StatefulCore.csproj", "{FDE60BBB-B476-449D-9A73-BF85857BCD40}"
EndProject
Project("{A07B5EB6-E848-4116-A8D0-A826331D98C6}") = "TestApplication1", "TestApplication1\TestApplication1.sfproj", "{694B1A0B-E52C-4128-A5E6-E12C682F6ACC}"
EndProject
Project("{A07B5EB6-E848-4116-A8D0-A826331D98C6}") = "TestApplication2", "TestApplication2\TestApplication2.sfproj", "{53CEB59A-ED66-429F-B0F4-5EEBF9BF7E7F}"
EndProject
Project("{A07B5EB6-E848-4116-A8D0-A826331D98C6}") = "TestApplication3", "TestApplication3\TestApplication3.sfproj", "{E48B6B8A-4DCC-47DC-B021-F24370B3D907}"
EndProject
Global
	GlobalSection(SolutionConfigurationPlatforms) = preSolution
		Debug|Any CPU = Debug|Any CPU
		Debug|x64 = Debug|x64
		Release|Any CPU = Release|Any CPU
		Release|x64 = Release|x64
	EndGlobalSection
	GlobalSection(ProjectConfigurationPlatforms) = postSolution
		{267C7013-1D66-4919-A384-BF7A6F3E6959}.Debug|Any CPU.ActiveCfg = Debug|x64
		{267C7013-1D66-4919-A384-BF7A6F3E6959}.Debug|Any CPU.Build.0 = Debug|x64
		{267C7013-1D66-4919-A384-BF7A6F3E6959}.Debug|x64.ActiveCfg = Debug|x64
		{267C7013-1D66-4919-A384-BF7A6F3E6959}.Debug|x64.Build.0 = Debug|x64
		{267C7013-1D66-4919-A384-BF7A6F3E6959}.Release|Any CPU.ActiveCfg = Release|x64
		{267C7013-1D66-4919-A384-BF7A6F3E6959}.Release|Any CPU.Build.0 = Release|x64
		{267C7013-1D66-4919-A384-BF7A6F3E6959}.Release|x64.ActiveCfg = Release|x64
		{267C7013-1D66-4919-A384-BF7A6F3E6959}.Release|x64.Build.0 = Release|x64
		{EE3E7A7A-BD3A-443F-9D5C-FE28F3C0D75C}.Debug|Any CPU.ActiveCfg = Debug|x64
		{EE3E7A7A-BD3A-443F-9D5C-FE28F3C0D75C}.Debug|Any CPU.Build.0 = Debug|x64
		{EE3E7A7A-BD3A-443F-9D5C-FE28F3C0D75C}.Debug|x64.ActiveCfg = Debug|x64
		{EE3E7A7A-BD3A-443F-9D5C-FE28F3C0D75C}.Debug|x64.Build.0 = Debug|x64
		{EE3E7A7A-BD3A-443F-9D5C-FE28F3C0D75C}.Release|Any CPU.ActiveCfg = Release|x64
		{EE3E7A7A-BD3A-443F-9D5C-FE28F3C0D75C}.Release|Any CPU.Build.0 = Release|x64
		{EE3E7A7A-BD3A-443F-9D5C-FE28F3C0D75C}.Release|x64.ActiveCfg = Release|x64
		{EE3E7A7A-BD3A-443F-9D5C-FE28F3C0D75C}.Release|x64.Build.0 = Release|x64
		{D7FD010F-D007-4744-94B0-DA309EE40F75}.Debug|Any CPU.ActiveCfg = Debug|x64
		{D7FD010F-D007-4744-94B0-DA309EE40F75}.Debug|Any CPU.Build.0 = Debug|x64
		{D7FD010F-D007-4744-94B0-DA309EE40F75}.Debug|x64.ActiveCfg = Debug|x64
		{D7FD010F-D007-4744-94B0-DA309EE40F75}.Debug|x64.Build.0 = Debug|x64
		{D7FD010F-D007-4744-94B0-DA309EE40F75}.Release|Any CPU.ActiveCfg = Release|x64
		{D7FD010F-D007-4744-94B0-DA309EE40F75}.Release|Any CPU.Build.0 = Release|x64
		{D7FD010F-D007-4744-94B0-DA309EE40F75}.Release|x64.ActiveCfg = Release|x64
		{D7FD010F-D007-4744-94B0-DA309EE40F75}.Release|x64.Build.0 = Release|x64
		{13A889D9-5CC1-4DD5-97BC-CAD261DA8900}.Debug|Any CPU.ActiveCfg = Debug|x64
		{13A889D9-5CC1-4DD5-97BC-CAD261DA8900}.Debug|Any CPU.Build.0 = Debug|x64
		{13A889D9-5CC1-4DD5-97BC-CAD261DA8900}.Debug|x64.ActiveCfg = Debug|x64
		{13A889D9-5CC1-4DD5-97BC-CAD261DA8900}.Debug|x64.Build.0 = Debug|x64
		{13A889D9-5CC1-4DD5-97BC-CAD261DA8900}.Release|Any CPU.ActiveCfg = Release|x64
		{13A889D9-5CC1-4DD5-97BC-CAD261DA8900}.Release|Any CPU.Build.0 = Release|x64
		{13A889D9-5CC1-4DD5-97BC-CAD261DA8900}.Release|x64.ActiveCfg = Release|x64
		{13A889D9-5CC1-4DD5-97BC-CAD261DA8900}.Release|x64.Build.0 = Release|x64
		{EF6AF2FD-5EC5-4D6B-B27F-C6CD93CB21A3}.Debug|Any CPU.ActiveCfg = Debug|Any CPU
		{EF6AF2FD-5EC5-4D6B-B27F-C6CD93CB21A3}.Debug|Any CPU.Build.0 = Debug|Any CPU
		{EF6AF2FD-5EC5-4D6B-B27F-C6CD93CB21A3}.Debug|x64.ActiveCfg = Debug|Any CPU
		{EF6AF2FD-5EC5-4D6B-B27F-C6CD93CB21A3}.Debug|x64.Build.0 = Debug|Any CPU
		{EF6AF2FD-5EC5-4D6B-B27F-C6CD93CB21A3}.Release|Any CPU.ActiveCfg = Release|Any CPU
		{EF6AF2FD-5EC5-4D6B-B27F-C6CD93CB21A3}.Release|Any CPU.Build.0 = Release|Any CPU
		{EF6AF2FD-5EC5-4D6B-B27F-C6CD93CB21A3}.Release|x64.ActiveCfg = Release|Any CPU
		{EF6AF2FD-5EC5-4D6B-B27F-C6CD93CB21A3}.Release|x64.Build.0 = Release|Any CPU
		{4335CAA1-494D-4CF9-8F52-FC06E312E0E6}.Debug|Any CPU.ActiveCfg = Debug|Any CPU
		{4335CAA1-494D-4CF9-8F52-FC06E312E0E6}.Debug|Any CPU.Build.0 = Debug|Any CPU
		{4335CAA1-494D-4CF9-8F52-FC06E312E0E6}.Debug|x64.ActiveCfg = Debug|Any CPU
		{4335CAA1-494D-4CF9-8F52-FC06E312E0E6}.Debug|x64.Build.0 = Debug|Any CPU
		{4335CAA1-494D-4CF9-8F52-FC06E312E0E6}.Release|Any CPU.ActiveCfg = Release|Any CPU
		{4335CAA1-494D-4CF9-8F52-FC06E312E0E6}.Release|Any CPU.Build.0 = Release|Any CPU
		{4335CAA1-494D-4CF9-8F52-FC06E312E0E6}.Release|x64.ActiveCfg = Release|Any CPU
		{4335CAA1-494D-4CF9-8F52-FC06E312E0E6}.Release|x64.Build.0 = Release|Any CPU
		{75E2AD53-62C1-446B-AFF2-76066E29EA76}.Debug|Any CPU.ActiveCfg = Debug|Any CPU
		{75E2AD53-62C1-446B-AFF2-76066E29EA76}.Debug|Any CPU.Build.0 = Debug|Any CPU
		{75E2AD53-62C1-446B-AFF2-76066E29EA76}.Debug|x64.ActiveCfg = Debug|Any CPU
		{75E2AD53-62C1-446B-AFF2-76066E29EA76}.Debug|x64.Build.0 = Debug|Any CPU
		{75E2AD53-62C1-446B-AFF2-76066E29EA76}.Release|Any CPU.ActiveCfg = Release|Any CPU
		{75E2AD53-62C1-446B-AFF2-76066E29EA76}.Release|Any CPU.Build.0 = Release|Any CPU
		{75E2AD53-62C1-446B-AFF2-76066E29EA76}.Release|x64.ActiveCfg = Release|Any CPU
		{75E2AD53-62C1-446B-AFF2-76066E29EA76}.Release|x64.Build.0 = Release|Any CPU
		{FDE60BBB-B476-449D-9A73-BF85857BCD40}.Debug|Any CPU.ActiveCfg = Debug|Any CPU
		{FDE60BBB-B476-449D-9A73-BF85857BCD40}.Debug|Any CPU.Build.0 = Debug|Any CPU
		{FDE60BBB-B476-449D-9A73-BF85857BCD40}.Debug|x64.ActiveCfg = Debug|Any CPU
		{FDE60BBB-B476-449D-9A73-BF85857BCD40}.Debug|x64.Build.0 = Debug|Any CPU
		{FDE60BBB-B476-449D-9A73-BF85857BCD40}.Release|Any CPU.ActiveCfg = Release|Any CPU
		{FDE60BBB-B476-449D-9A73-BF85857BCD40}.Release|Any CPU.Build.0 = Release|Any CPU
		{FDE60BBB-B476-449D-9A73-BF85857BCD40}.Release|x64.ActiveCfg = Release|Any CPU
		{FDE60BBB-B476-449D-9A73-BF85857BCD40}.Release|x64.Build.0 = Release|Any CPU
		{694B1A0B-E52C-4128-A5E6-E12C682F6ACC}.Debug|Any CPU.ActiveCfg = Debug|x64
		{694B1A0B-E52C-4128-A5E6-E12C682F6ACC}.Debug|Any CPU.Build.0 = Debug|x64
		{694B1A0B-E52C-4128-A5E6-E12C682F6ACC}.Debug|Any CPU.Deploy.0 = Debug|x64
		{694B1A0B-E52C-4128-A5E6-E12C682F6ACC}.Debug|x64.ActiveCfg = Debug|x64
		{694B1A0B-E52C-4128-A5E6-E12C682F6ACC}.Debug|x64.Build.0 = Debug|x64
		{694B1A0B-E52C-4128-A5E6-E12C682F6ACC}.Debug|x64.Deploy.0 = Debug|x64
		{694B1A0B-E52C-4128-A5E6-E12C682F6ACC}.Release|Any CPU.ActiveCfg = Release|x64
		{694B1A0B-E52C-4128-A5E6-E12C682F6ACC}.Release|Any CPU.Build.0 = Release|x64
		{694B1A0B-E52C-4128-A5E6-E12C682F6ACC}.Release|Any CPU.Deploy.0 = Release|x64
		{694B1A0B-E52C-4128-A5E6-E12C682F6ACC}.Release|x64.ActiveCfg = Release|x64
		{694B1A0B-E52C-4128-A5E6-E12C682F6ACC}.Release|x64.Build.0 = Release|x64
		{694B1A0B-E52C-4128-A5E6-E12C682F6ACC}.Release|x64.Deploy.0 = Release|x64
		{53CEB59A-ED66-429F-B0F4-5EEBF9BF7E7F}.Debug|Any CPU.ActiveCfg = Debug|x64
		{53CEB59A-ED66-429F-B0F4-5EEBF9BF7E7F}.Debug|Any CPU.Build.0 = Debug|x64
		{53CEB59A-ED66-429F-B0F4-5EEBF9BF7E7F}.Debug|Any CPU.Deploy.0 = Debug|x64
		{53CEB59A-ED66-429F-B0F4-5EEBF9BF7E7F}.Debug|x64.ActiveCfg = Debug|x64
		{53CEB59A-ED66-429F-B0F4-5EEBF9BF7E7F}.Debug|x64.Build.0 = Debug|x64
		{53CEB59A-ED66-429F-B0F4-5EEBF9BF7E7F}.Debug|x64.Deploy.0 = Debug|x64
		{53CEB59A-ED66-429F-B0F4-5EEBF9BF7E7F}.Release|Any CPU.ActiveCfg = Release|x64
		{53CEB59A-ED66-429F-B0F4-5EEBF9BF7E7F}.Release|Any CPU.Build.0 = Release|x64
		{53CEB59A-ED66-429F-B0F4-5EEBF9BF7E7F}.Release|Any CPU.Deploy.0 = Release|x64
		{53CEB59A-ED66-429F-B0F4-5EEBF9BF7E7F}.Release|x64.ActiveCfg = Release|x64
		{53CEB59A-ED66-429F-B0F4-5EEBF9BF7E7F}.Release|x64.Build.0 = Release|x64
		{53CEB59A-ED66-429F-B0F4-5EEBF9BF7E7F}.Release|x64.Deploy.0 = Release|x64
		{E48B6B8A-4DCC-47DC-B021-F24370B3D907}.Debug|Any CPU.ActiveCfg = Debug|x64
		{E48B6B8A-4DCC-47DC-B021-F24370B3D907}.Debug|Any CPU.Build.0 = Debug|x64
		{E48B6B8A-4DCC-47DC-B021-F24370B3D907}.Debug|Any CPU.Deploy.0 = Debug|x64
		{E48B6B8A-4DCC-47DC-B021-F24370B3D907}.Debug|x64.ActiveCfg = Debug|x64
		{E48B6B8A-4DCC-47DC-B021-F24370B3D907}.Debug|x64.Build.0 = Debug|x64
		{E48B6B8A-4DCC-47DC-B021-F24370B3D907}.Debug|x64.Deploy.0 = Debug|x64
		{E48B6B8A-4DCC-47DC-B021-F24370B3D907}.Release|Any CPU.ActiveCfg = Release|x64
		{E48B6B8A-4DCC-47DC-B021-F24370B3D907}.Release|Any CPU.Build.0 = Release|x64
		{E48B6B8A-4DCC-47DC-B021-F24370B3D907}.Release|Any CPU.Deploy.0 = Release|x64
		{E48B6B8A-4DCC-47DC-B021-F24370B3D907}.Release|x64.ActiveCfg = Release|x64
		{E48B6B8A-4DCC-47DC-B021-F24370B3D907}.Release|x64.Build.0 = Release|x64
		{E48B6B8A-4DCC-47DC-B021-F24370B3D907}.Release|x64.Deploy.0 = Release|x64
	EndGlobalSection
	GlobalSection(SolutionProperties) = preSolution
		HideSolutionNode = FALSE
	EndGlobalSection
	GlobalSection(ExtensibilityGlobals) = postSolution
		SolutionGuid = {CB739F7C-C0E5-4FB5-A843-97CB4A02A4CE}
	EndGlobalSection
EndGlobal
